
Microsoft Visual Studio Solution File, Format Version 12.00
# Visual Studio 15
VisualStudioVersion = 15.0.28307.329
MinimumVisualStudioVersion = 10.0.40219.1
Project("{FAE04EC0-301F-11D3-BF4B-00C04F79EFBC}") = "Dog", "Dog\Dog.csproj", "{C9AF9DB0-4331-471C-8382-3AB6BBEBB41B}"
EndProject
Global
	GlobalSection(SolutionConfigurationPlatforms) = preSolution
		Debug|Any CPU = Debug|Any CPU
		Release|Any CPU = Release|Any CPU
	EndGlobalSection
	GlobalSection(ProjectConfigurationPlatforms) = postSolution
		{C9AF9DB0-4331-471C-8382-3AB6BBEBB41B}.Debug|Any CPU.ActiveCfg = Debug|Any CPU
		{C9AF9DB0-4331-471C-8382-3AB6BBEBB41B}.Debug|Any CPU.Build.0 = Debug|Any CPU
		{C9AF9DB0-4331-471C-8382-3AB6BBEBB41B}.Release|Any CPU.ActiveCfg = Release|Any CPU
		{C9AF9DB0-4331-471C-8382-3AB6BBEBB41B}.Release|Any CPU.Build.0 = Release|Any CPU
	EndGlobalSection
	GlobalSection(SolutionProperties) = preSolution
		HideSolutionNode = FALSE
	EndGlobalSection
	GlobalSection(ExtensibilityGlobals) = postSolution
		SolutionGuid = {85A0D248-891E-458B-8545-A88A89EA0A15}
	EndGlobalSection
EndGlobal
